
Microsoft Visual Studio Solution File, Format Version 12.00
# Visual Studio Version 16
VisualStudioVersion = 16.0.29905.134
MinimumVisualStudioVersion = 10.0.40219.1
Project("{D954291E-2A0B-460D-934E-DC6B0785DB48}") = "RoSham", "RoSham.shproj", "{4B6A856A-9844-41E9-9A54-F49F357965F6}"
EndProject
Global
	GlobalSection(SharedMSBuildProjectFiles) = preSolution
		RoSham.projitems*{4b6a856a-9844-41e9-9a54-f49f357965f6}*SharedItemsImports = 13
	EndGlobalSection
	GlobalSection(SolutionProperties) = preSolution
		HideSolutionNode = FALSE
	EndGlobalSection
	GlobalSection(ExtensibilityGlobals) = postSolution
		SolutionGuid = {730FA7E0-FC3D-4164-9F50-50BA1E84DBD4}
	EndGlobalSection
EndGlobal
